
Microsoft Visual Studio Solution File, Format Version 12.00
# Visual Studio Version 17
VisualStudioVersion = 17.4.33205.214
MinimumVisualStudioVersion = 10.0.40219.1
Project("{9A19103F-16F7-4668-BE54-9A1E7A4F7556}") = "ClinicService", "ClinicService\ClinicService.csproj", "{8E26A616-70B6-4E71-B40A-EC042C9D139E}"
EndProject
Project("{FAE04EC0-301F-11D3-BF4B-00C04F79EFBC}") = "ClinicDektop", "ClinicDektop\ClinicDektop.csproj", "{952ADF9F-994B-43FC-8946-2A852EA7B23B}"
EndProject
Global
	GlobalSection(SolutionConfigurationPlatforms) = preSolution
		Debug|Any CPU = Debug|Any CPU
		Release|Any CPU = Release|Any CPU
	EndGlobalSection
	GlobalSection(ProjectConfigurationPlatforms) = postSolution
		{8E26A616-70B6-4E71-B40A-EC042C9D139E}.Debug|Any CPU.ActiveCfg = Debug|Any CPU
		{8E26A616-70B6-4E71-B40A-EC042C9D139E}.Debug|Any CPU.Build.0 = Debug|Any CPU
		{8E26A616-70B6-4E71-B40A-EC042C9D139E}.Release|Any CPU.ActiveCfg = Release|Any CPU
		{8E26A616-70B6-4E71-B40A-EC042C9D139E}.Release|Any CPU.Build.0 = Release|Any CPU
		{952ADF9F-994B-43FC-8946-2A852EA7B23B}.Debug|Any CPU.ActiveCfg = Debug|Any CPU
		{952ADF9F-994B-43FC-8946-2A852EA7B23B}.Debug|Any CPU.Build.0 = Debug|Any CPU
		{952ADF9F-994B-43FC-8946-2A852EA7B23B}.Release|Any CPU.ActiveCfg = Release|Any CPU
		{952ADF9F-994B-43FC-8946-2A852EA7B23B}.Release|Any CPU.Build.0 = Release|Any CPU
	EndGlobalSection
	GlobalSection(SolutionProperties) = preSolution
		HideSolutionNode = FALSE
	EndGlobalSection
	GlobalSection(ExtensibilityGlobals) = postSolution
		SolutionGuid = {D6B0D012-71B5-48B8-9BB5-1A24976A7DBA}
	EndGlobalSection
EndGlobal
